{
  "name": "web-sandbox",
  "lockfileVersion": 3,
  "requires": true,
  "packages": {
    "": {
      "dependencies": {
        "@zephr/browser": "^1.6.2"
      }
    },
    "node_modules/@zephr/browser": {
      "version": "1.6.2",
      "resolved": "https://registry.npmjs.org/@zephr/browser/-/browser-1.6.2.tgz",
      "integrity": "sha512-N3tjYNbstpphqurIH8XYN3cFcdKmaaMG/YMt0B119HJ8UnA+AQUXNiH+hKOrTPA3MchFedjcum5ZGEvQmzgULQ=="
    }
  }
}
